{
  "name": "@greenways-ai/packages",
  "version": "0.1.0",
  "lockfileVersion": 3,
  "requires": true,
  "packages": {
    "": {
      "name": "@greenways-ai/packages",
      "version": "0.1.0",
      "license": "EPL-2.0",
      "dependencies": {
        "edn-data": "1.1.2",
        "fflate": "^0.8.3"
      }
    },
    "node_modules/edn-data": {
      "version": "1.1.2",
      "resolved": "https://registry.npmjs.org/edn-data/-/edn-data-1.1.2.tgz",
      "integrity": "sha512-RI1i17URvOrBtSNEccbsXkuUZdc67QUBMqXGF62KPek85EdFGS2UKw76hNhOBl5kK4h7V4d32Ut15b/XVwKEXA==",
      "license": "MIT",
      "engines": {
        "node": ">=12.0.0"
      }
    },
    "node_modules/fflate": {
      "version": "0.8.3",
      "resolved": "https://registry.npmjs.org/fflate/-/fflate-0.8.3.tgz",
      "integrity": "sha512-tbZNuJrLwGUp3zshBtdy4W+ORxZuIh8a5ilyIEQDC5rY1f3U20JMry0Ll3WBzU58EZKsEuJFXhb5gwv8CsPvgA==",
      "license": "MIT"
    }
  }
}
