{
  "name": "greenways-browser-bridge",
  "version": "0.1.0",
  "lockfileVersion": 3,
  "requires": true,
  "packages": {
    "": {
      "name": "greenways-browser-bridge",
      "version": "0.1.0",
      "license": "EPL-2.0",
      "bin": {
        "greenways-browser-bridge-host": "bin/greenways-browser-bridge-host.mjs",
        "greenways-browser-bridge-install": "bin/greenways-browser-bridge-install.mjs"
      }
    }
  }
}
