{
  "name": "@greenways-ai/devtools-node",
  "version": "0.1.0",
  "lockfileVersion": 3,
  "requires": true,
  "packages": {
    "": {
      "name": "@greenways-ai/devtools-node",
      "version": "0.1.0",
      "license": "EPL-2.0",
      "bin": {
        "greenways-devtools-host": "bin/greenways-devtools-host.mjs",
        "greenways-devtools-install": "bin/greenways-devtools-install.mjs"
      },
      "engines": {
        "node": ">=22"
      }
    }
  }
}
